
Microsoft Visual Studio Solution File, Format Version 11.00
# Visual Studio 2010
Project("{FAE04EC0-301F-11D3-BF4B-00C04F79EFBC}") = "StriderMqtt", "StriderMqtt\StriderMqtt.csproj", "{401F8570-672E-43B5-9A52-5FB5CF0A3AC9}"
EndProject
Project("{2150E333-8FDC-42A3-9474-1A3956D46DE8}") = "Tests", "Tests", "{5A11FF1F-77B8-4F97-BEFA-27799B76C71B}"
EndProject
Project("{FAE04EC0-301F-11D3-BF4B-00C04F79EFBC}") = "EmptyPublishingTest", "EmptyPublishing\EmptyPublishingTest.csproj", "{889E684F-FD8B-4D6E-B793-0F660483529E}"
EndProject
Project("{FAE04EC0-301F-11D3-BF4B-00C04F79EFBC}") = "NumbersTest", "NumbersTest\NumbersTest.csproj", "{752F142D-2DE4-4DCA-BCE3-0E82911F51A0}"
EndProject
Project("{2150E333-8FDC-42A3-9474-1A3956D46DE8}") = "Samples", "Samples", "{757438BE-FAAE-4740-8F89-B37F333731D4}"
EndProject
Project("{FAE04EC0-301F-11D3-BF4B-00C04F79EFBC}") = "SqlitePersistenceSample", "SqlitePersistenceSample\SqlitePersistenceSample.csproj", "{E5E4E16C-FCD7-46FD-80A8-9BF9C2FCC4BE}"
EndProject
Global
	GlobalSection(SolutionConfigurationPlatforms) = preSolution
		Debug|Any CPU = Debug|Any CPU
		Release|Any CPU = Release|Any CPU
	EndGlobalSection
	GlobalSection(ProjectConfigurationPlatforms) = postSolution
		{401F8570-672E-43B5-9A52-5FB5CF0A3AC9}.Debug|Any CPU.ActiveCfg = Debug|Any CPU
		{401F8570-672E-43B5-9A52-5FB5CF0A3AC9}.Debug|Any CPU.Build.0 = Debug|Any CPU
		{401F8570-672E-43B5-9A52-5FB5CF0A3AC9}.Release|Any CPU.ActiveCfg = Release|Any CPU
		{401F8570-672E-43B5-9A52-5FB5CF0A3AC9}.Release|Any CPU.Build.0 = Release|Any CPU
		{752F142D-2DE4-4DCA-BCE3-0E82911F51A0}.Debug|Any CPU.ActiveCfg = Debug|Any CPU
		{752F142D-2DE4-4DCA-BCE3-0E82911F51A0}.Debug|Any CPU.Build.0 = Debug|Any CPU
		{752F142D-2DE4-4DCA-BCE3-0E82911F51A0}.Release|Any CPU.ActiveCfg = Release|Any CPU
		{752F142D-2DE4-4DCA-BCE3-0E82911F51A0}.Release|Any CPU.Build.0 = Release|Any CPU
		{889E684F-FD8B-4D6E-B793-0F660483529E}.Debug|Any CPU.ActiveCfg = Debug|Any CPU
		{889E684F-FD8B-4D6E-B793-0F660483529E}.Debug|Any CPU.Build.0 = Debug|Any CPU
		{889E684F-FD8B-4D6E-B793-0F660483529E}.Release|Any CPU.ActiveCfg = Release|Any CPU
		{889E684F-FD8B-4D6E-B793-0F660483529E}.Release|Any CPU.Build.0 = Release|Any CPU
		{E5E4E16C-FCD7-46FD-80A8-9BF9C2FCC4BE}.Debug|Any CPU.ActiveCfg = Debug|Any CPU
		{E5E4E16C-FCD7-46FD-80A8-9BF9C2FCC4BE}.Debug|Any CPU.Build.0 = Debug|Any CPU
		{E5E4E16C-FCD7-46FD-80A8-9BF9C2FCC4BE}.Release|Any CPU.ActiveCfg = Release|Any CPU
		{E5E4E16C-FCD7-46FD-80A8-9BF9C2FCC4BE}.Release|Any CPU.Build.0 = Release|Any CPU
	EndGlobalSection
	GlobalSection(NestedProjects) = preSolution
		{889E684F-FD8B-4D6E-B793-0F660483529E} = {5A11FF1F-77B8-4F97-BEFA-27799B76C71B}
		{752F142D-2DE4-4DCA-BCE3-0E82911F51A0} = {5A11FF1F-77B8-4F97-BEFA-27799B76C71B}
		{E5E4E16C-FCD7-46FD-80A8-9BF9C2FCC4BE} = {757438BE-FAAE-4740-8F89-B37F333731D4}
	EndGlobalSection
	GlobalSection(MonoDevelopProperties) = preSolution
		StartupItem = NumbersTest\NumbersTest.csproj
	EndGlobalSection
EndGlobal
