
Microsoft Visual Studio Solution File, Format Version 12.00
# Visual Studio Version 17
VisualStudioVersion = 17.4.33213.308
MinimumVisualStudioVersion = 10.0.40219.1
Project("{9A19103F-16F7-4668-BE54-9A1E7A4F7556}") = "StriderMqtt", "StriderMqtt\StriderMqtt.csproj", "{401F8570-672E-43B5-9A52-5FB5CF0A3AC9}"
EndProject
Project("{2150E333-8FDC-42A3-9474-1A3956D46DE8}") = "Tests", "Tests", "{5A11FF1F-77B8-4F97-BEFA-27799B76C71B}"
EndProject
Project("{FAE04EC0-301F-11D3-BF4B-00C04F79EFBC}") = "EmptyPublishingTest", "EmptyPublishingTest\EmptyPublishingTest.csproj", "{889E684F-FD8B-4D6E-B793-0F660483529E}"
EndProject
Project("{FAE04EC0-301F-11D3-BF4B-00C04F79EFBC}") = "NumbersTest", "NumbersTest\NumbersTest.csproj", "{752F142D-2DE4-4DCA-BCE3-0E82911F51A0}"
EndProject
Project("{9A19103F-16F7-4668-BE54-9A1E7A4F7556}") = "StriderMqtt.Sqlite", "StriderMqtt.Sqlite\StriderMqtt.Sqlite.csproj", "{5F4CF4CE-CD15-48BC-A564-D74BF30F67F9}"
EndProject
Global
	GlobalSection(SolutionConfigurationPlatforms) = preSolution
		Debug|Any CPU = Debug|Any CPU
		Release|Any CPU = Release|Any CPU
	EndGlobalSection
	GlobalSection(ProjectConfigurationPlatforms) = postSolution
		{401F8570-672E-43B5-9A52-5FB5CF0A3AC9}.Debug|Any CPU.ActiveCfg = Debug|Any CPU
		{401F8570-672E-43B5-9A52-5FB5CF0A3AC9}.Debug|Any CPU.Build.0 = Debug|Any CPU
		{401F8570-672E-43B5-9A52-5FB5CF0A3AC9}.Release|Any CPU.ActiveCfg = Release|Any CPU
		{401F8570-672E-43B5-9A52-5FB5CF0A3AC9}.Release|Any CPU.Build.0 = Release|Any CPU
		{889E684F-FD8B-4D6E-B793-0F660483529E}.Debug|Any CPU.ActiveCfg = Debug|Any CPU
		{889E684F-FD8B-4D6E-B793-0F660483529E}.Debug|Any CPU.Build.0 = Debug|Any CPU
		{889E684F-FD8B-4D6E-B793-0F660483529E}.Release|Any CPU.ActiveCfg = Release|Any CPU
		{889E684F-FD8B-4D6E-B793-0F660483529E}.Release|Any CPU.Build.0 = Release|Any CPU
		{752F142D-2DE4-4DCA-BCE3-0E82911F51A0}.Debug|Any CPU.ActiveCfg = Debug|Any CPU
		{752F142D-2DE4-4DCA-BCE3-0E82911F51A0}.Debug|Any CPU.Build.0 = Debug|Any CPU
		{752F142D-2DE4-4DCA-BCE3-0E82911F51A0}.Release|Any CPU.ActiveCfg = Release|Any CPU
		{752F142D-2DE4-4DCA-BCE3-0E82911F51A0}.Release|Any CPU.Build.0 = Release|Any CPU
		{5F4CF4CE-CD15-48BC-A564-D74BF30F67F9}.Debug|Any CPU.ActiveCfg = Debug|Any CPU
		{5F4CF4CE-CD15-48BC-A564-D74BF30F67F9}.Debug|Any CPU.Build.0 = Debug|Any CPU
		{5F4CF4CE-CD15-48BC-A564-D74BF30F67F9}.Release|Any CPU.ActiveCfg = Release|Any CPU
		{5F4CF4CE-CD15-48BC-A564-D74BF30F67F9}.Release|Any CPU.Build.0 = Release|Any CPU
	EndGlobalSection
	GlobalSection(SolutionProperties) = preSolution
		HideSolutionNode = FALSE
	EndGlobalSection
	GlobalSection(NestedProjects) = preSolution
		{889E684F-FD8B-4D6E-B793-0F660483529E} = {5A11FF1F-77B8-4F97-BEFA-27799B76C71B}
		{752F142D-2DE4-4DCA-BCE3-0E82911F51A0} = {5A11FF1F-77B8-4F97-BEFA-27799B76C71B}
	EndGlobalSection
	GlobalSection(ExtensibilityGlobals) = postSolution
		SolutionGuid = {066EBF68-F7C7-4B04-B6DC-77753FAC67DB}
	EndGlobalSection
	GlobalSection(MonoDevelopProperties) = preSolution
		StartupItem = NumbersTest\NumbersTest.csproj
	EndGlobalSection
EndGlobal
